PODS:
  - FBAEMKit (18.1.1):
    - FBSDKCoreKit_Basics (= 18.1.1)
  - FBSDKCoreKit (18.1.1):
    - FBAEMKit (= 18.1.1)
    - FBSDKCoreKit_Basics (= 18.1.1)
  - FBSDKCoreKit_Basics (18.1.1)
  - Flutter (1.0.0)
  - flutter_local_notifications (0.0.1):
    - Flutter
  - media_kit_libs_ios_video (1.0.4):
    - Flutter
  - media_kit_video (0.0.1):
    - Flutter
  - permission_handler_apple (9.3.0):
    - Flutter
  - Superscript (1.0.13)
  - SuperwallKit (4.14.2):
    - Superscript (= 1.0.13)
  - superwallkit_flutter (0.0.1):
    - Flutter
    - SuperwallKit (= 4.14.2)

DEPENDENCIES:
  - FBSDKCoreKit (~> 18.0)
  - Flutter (from `Flutter`)
  - flutter_local_notifications (from `.symlinks/plugins/flutter_local_notifications/ios`)
  - media_kit_libs_ios_video (from `.symlinks/plugins/media_kit_libs_ios_video/ios`)
  - media_kit_video (from `.symlinks/plugins/media_kit_video/ios`)
  - permission_handler_apple (from `.symlinks/plugins/permission_handler_apple/ios`)
  - superwallkit_flutter (from `.symlinks/plugins/superwallkit_flutter/ios`)

SPEC REPOS:
  trunk:
    - FBAEMKit
    - FBSDKCoreKit
    - FBSDKCoreKit_Basics
    - Superscript
    - SuperwallKit

EXTERNAL SOURCES:
  Flutter:
    :path: Flutter
  flutter_local_notifications:
    :path: ".symlinks/plugins/flutter_local_notifications/ios"
  media_kit_libs_ios_video:
    :path: ".symlinks/plugins/media_kit_libs_ios_video/ios"
  media_kit_video:
    :path: ".symlinks/plugins/media_kit_video/ios"
  permission_handler_apple:
    :path: ".symlinks/plugins/permission_handler_apple/ios"
  superwallkit_flutter:
    :path: ".symlinks/plugins/superwallkit_flutter/ios"

SPEC CHECKSUMS:
  FBAEMKit: fbb0a50e13109400d0615e7630a0db26ec6b8206
  FBSDKCoreKit: 0063014b3b1f7e975e70b60232b0cf8003839746
  FBSDKCoreKit_Basics: f4a1e0f38769eb71abaf6395b85e015318fcda49
  Flutter: cabc95a1d2626b1b06e7179b784ebcf0c0cde467
  flutter_local_notifications: ad39620c743ea4c15127860f4b5641649a988100
  media_kit_libs_ios_video: 5a18affdb97d1f5d466dc79988b13eff6c5e2854
  media_kit_video: 1746e198cb697d1ffb734b1d05ec429d1fcd1474
  permission_handler_apple: 4ed2196e43d0651e8ff7ca3483a069d469701f2d
  Superscript: bcb4099b41bed108ab7e88cfc56af0ed1170b582
  SuperwallKit: 2db74ff2a15a1ea5771ae222dc164e6f33a8d241
  superwallkit_flutter: fb64ed024ae3cadcd1a8b151eda2769e9a077b44

PODFILE CHECKSUM: 9bd16c6cbccf0eea72c4955f0dc770aaa86bbf56

COCOAPODS: 1.16.2
